github.com/SevvyP/tasks_v1 v0.0.0-20240911041409-c5470f0e4f8b h1:b6x4jPZiGRxSBVd7MiwQBWxDErHXctrwSoz2ROJGVhw=
github.com/SevvyP/tasks_v1 v0.0.0-20240911041409-c5470f0e4f8b/go.mod h1:rpO9OIoOEV8jiYOlGeIHcIygs4jO23HFuAWtidg9COg=
github.com/auth0/go-jwt-middleware/v2 v2.2.2 h1:vrvkFZf72r3Qbt45KLjBG3/6Xq2r3NTixWKu2e8de9I=
github.com/auth0/go-jwt-middleware/v2 v2.2.2/go.mod h1:4vwxpVtu/Kl4c4HskT+gFLjq0dra8F1joxzamrje6J0=
golang.org/x/crypto v0.17.0 h1:r8bRNjWL3GshPW3gkd+RpvzWrZAwPS49OmTGZ/uhM4k=
golang.org/x/crypto v0.17.0/go.mod h1:gCAAfMLgwOJRpTjQ2zCCt2OcSfYMTeZVSRtQlPC7Nq4=
golang.org/x/sync v0.8.0 h1:3NFvSEYkUoMifnESzZl15y791HH1qU2xm6eCJU5ZPXQ=
golang.org/x/sync v0.8.0/go.mod h1:Czt+wKu1gCyEFDUtn0jG5QVvpJ6rzVqr5aXyt9drQfk=
gopkg.in/go-jose/go-jose.v2 v2.6.3 h1:nt80fvSDlhKWQgSWyHyy5CfmlQr+asih51R8PTWNKKs=
gopkg.in/go-jose/go-jose.v2 v2.6.3/go.mod h1:zzZDPkNNw/c9IE7Z9jr11mBZQhKQTMzoEEIoEdZlFBI=
